
Microsoft Visual Studio Solution File, Format Version 12.00
Project("{FAE04EC0-301F-11D3-BF4B-00C04F79EFBC}") = "TODOapp", "TODOapp\TODOapp.csproj", "{2DEC446F-528E-467B-A899-2ACA8F0ADCBD}"
EndProject
Global
	GlobalSection(SolutionConfigurationPlatforms) = preSolution
		Debug|Any CPU = Debug|Any CPU
		Release|Any CPU = Release|Any CPU
	EndGlobalSection
	GlobalSection(ProjectConfigurationPlatforms) = postSolution
		{2DEC446F-528E-467B-A899-2ACA8F0ADCBD}.Debug|Any CPU.ActiveCfg = Debug|Any CPU
		{2DEC446F-528E-467B-A899-2ACA8F0ADCBD}.Debug|Any CPU.Build.0 = Debug|Any CPU
		{2DEC446F-528E-467B-A899-2ACA8F0ADCBD}.Release|Any CPU.ActiveCfg = Release|Any CPU
		{2DEC446F-528E-467B-A899-2ACA8F0ADCBD}.Release|Any CPU.Build.0 = Release|Any CPU
	EndGlobalSection
EndGlobal
